<?xml version="1.0" encoding="utf-8"?>
<Project ToolsVersion="4.0" xmlns="http://schemas.microsoft.com/developer/msbuild/2003">
  <ItemGroup>
    <Filter Include="リソース ファイル">
      <UniqueIdentifier>{67DA6AB6-F800-4c08-8B7A-83BB121AAD01}</UniqueIdentifier>
      <Extensions>rc;ico;cur;bmp;dlg;rc2;rct;bin;rgs;gif;jpg;jpeg;jpe;resx;tiff;tif;png;wav;mfcribbon-ms</Extensions>
    </Filter>
    <Filter Include="src">
      <UniqueIdentifier>{2bdaa967-10c9-4612-9bba-96cbee5ec2e7}</UniqueIdentifier>
    </Filter>
    <Filter Include="仕様書">
      <UniqueIdentifier>{dbb87042-3b32-4094-b317-18b394216198}</UniqueIdentifier>
    </Filter>
    <Filter Include="src\system">
      <UniqueIdentifier>{ed4f46b6-5f42-4e37-8e11-7cbe1c4b7f96}</UniqueIdentifier>
    </Filter>
    <Filter Include="src\scenes">
      <UniqueIdentifier>{73bd9d48-12c8-49e3-a72b-f69db454abc5}</UniqueIdentifier>
    </Filter>
    <Filter Include="src\system\scene%28not a directory%29">
      <UniqueIdentifier>{6efe1c64-c14b-473f-bd47-d61a0327ab17}</UniqueIdentifier>
    </Filter>
    <Filter Include="src\system\resource%28not a directory%29">
      <UniqueIdentifier>{4db38b6b-6e2e-4787-a117-2a7ffbd861a5}</UniqueIdentifier>
    </Filter>
  </ItemGroup>
  <ItemGroup>
    <None Include="TowerDiffence.txt">
      <Filter>仕様書</Filter>
    </None>
    <None Include="内部仕様.txt">
      <Filter>仕様書</Filter>
    </None>
    <None Include="CodingRules.txt">
      <Filter>仕様書</Filter>
    </None>
  </ItemGroup>
  <ItemGroup>
    <ClCompile Include="src\main.cpp">
      <Filter>src</Filter>
    </ClCompile>
    <ClCompile Include="src\system\FPSController.cpp">
      <Filter>src\system</Filter>
    </ClCompile>
    <ClCompile Include="src\system\game.cpp">
      <Filter>src\system</Filter>
    </ClCompile>
    <ClCompile Include="src\tdGame.cpp">
      <Filter>src</Filter>
    </ClCompile>
    <ClCompile Include="src\scenes\debug_scene.cpp">
      <Filter>src\scenes</Filter>
    </ClCompile>
    <ClCompile Include="src\scenes\debug_scene2.cpp">
      <Filter>src\scenes</Filter>
    </ClCompile>
    <ClCompile Include="src\system\resource_graphic.cpp">
      <Filter>src\system\resource%28not a directory%29</Filter>
    </ClCompile>
    <ClCompile Include="src\system\resource_manager.cpp">
      <Filter>src\system\resource%28not a directory%29</Filter>
    </ClCompile>
    <ClCompile Include="src\system\resource_manager_base.cpp">
      <Filter>src\system\resource%28not a directory%29</Filter>
    </ClCompile>
    <ClCompile Include="src\system\resource_reference_counter.cpp">
      <Filter>src\system\resource%28not a directory%29</Filter>
    </ClCompile>
    <ClCompile Include="src\system\resource_sound.cpp">
      <Filter>src\system\resource%28not a directory%29</Filter>
    </ClCompile>
    <ClCompile Include="src\system\scene_base.cpp">
      <Filter>src\system\scene%28not a directory%29</Filter>
    </ClCompile>
    <ClCompile Include="src\system\scene_manager.cpp">
      <Filter>src\system\scene%28not a directory%29</Filter>
    </ClCompile>
    <ClCompile Include="src\system\resource_graphic_manager.cpp">
      <Filter>src\system\resource%28not a directory%29</Filter>
    </ClCompile>
    <ClCompile Include="src\system\resource_sound_manager.cpp">
      <Filter>src\system\resource%28not a directory%29</Filter>
    </ClCompile>
  </ItemGroup>
  <ItemGroup>
    <ClInclude Include="src\system\FPSController.h">
      <Filter>src\system</Filter>
    </ClInclude>
    <ClInclude Include="src\system\game.h">
      <Filter>src\system</Filter>
    </ClInclude>
    <ClInclude Include="src\tdGame.h">
      <Filter>src</Filter>
    </ClInclude>
    <ClInclude Include="src\scenes\debug_scene.h">
      <Filter>src\scenes</Filter>
    </ClInclude>
    <ClInclude Include="src\scenes.h">
      <Filter>src</Filter>
    </ClInclude>
    <ClInclude Include="src\scenes\debug_scene2.h">
      <Filter>src\scenes</Filter>
    </ClInclude>
    <ClInclude Include="src\system\resource.h">
      <Filter>src\system\resource%28not a directory%29</Filter>
    </ClInclude>
    <ClInclude Include="src\system\resource_sound.h">
      <Filter>src\system\resource%28not a directory%29</Filter>
    </ClInclude>
    <ClInclude Include="src\system\resource_base.h">
      <Filter>src\system\resource%28not a directory%29</Filter>
    </ClInclude>
    <ClInclude Include="src\system\resource_graphic.h">
      <Filter>src\system\resource%28not a directory%29</Filter>
    </ClInclude>
    <ClInclude Include="src\system\resource_manager.h">
      <Filter>src\system\resource%28not a directory%29</Filter>
    </ClInclude>
    <ClInclude Include="src\system\resource_manager_base.h">
      <Filter>src\system\resource%28not a directory%29</Filter>
    </ClInclude>
    <ClInclude Include="src\system\resource_reference_counter.h">
      <Filter>src\system\resource%28not a directory%29</Filter>
    </ClInclude>
    <ClInclude Include="src\system\scene_base.h">
      <Filter>src\system\scene%28not a directory%29</Filter>
    </ClInclude>
    <ClInclude Include="src\system\scene_manager.h">
      <Filter>src\system\scene%28not a directory%29</Filter>
    </ClInclude>
    <ClInclude Include="src\system\resource_graphic_manager.h">
      <Filter>src\system\resource%28not a directory%29</Filter>
    </ClInclude>
    <ClInclude Include="src\system\resource_sound_manager.h">
      <Filter>src\system\resource%28not a directory%29</Filter>
    </ClInclude>
  </ItemGroup>
</Project>